// !$*UTF8*$!
{
	archiveVersion = 1;
	classes = {
	};
	objectVersion = 60;
	objects = {

/* Begin PBXBuildFile section */
		D1197C842B45E58F00B7174D /* ToolsOptionsCell.swift in Sources */ = {isa = PBXBuildFile; fileRef = D1197C832B45E58F00B7174D /* ToolsOptionsCell.swift */; };
		D1197C872B504CFB00B7174D /* LoadingAnimePreviewCell.swift in Sources */ = {isa = PBXBuildFile; fileRef = D1197C862B504CFB00B7174D /* LoadingAnimePreviewCell.swift */; };
		D1197C892B5424AB00B7174D /* scrollToTheBeginning.swift in Sources */ = {isa = PBXBuildFile; fileRef = D1197C882B5424AB00B7174D /* scrollToTheBeginning.swift */; };
		D1197C8B2B542D9600B7174D /* RoundedImageView.swift in Sources */ = {isa = PBXBuildFile; fileRef = D1197C8A2B542D9600B7174D /* RoundedImageView.swift */; };
		D1197C8D2B5548C400B7174D /* ListOfAnime.swift in Sources */ = {isa = PBXBuildFile; fileRef = D1197C8C2B5548C400B7174D /* ListOfAnime.swift */; };
		D1197C8F2B56C2FF00B7174D /* Saved_mb_for_later.swift in Sources */ = {isa = PBXBuildFile; fileRef = D1197C8E2B56C2FE00B7174D /* Saved_mb_for_later.swift */; };
		D1502D242B5AC88C00A902F1 /* Genre.swift in Sources */ = {isa = PBXBuildFile; fileRef = D1502D232B5AC88C00A902F1 /* Genre.swift */; };
		D1502D262B5AC8BA00A902F1 /* ExtensionsForApiClientProp.swift in Sources */ = {isa = PBXBuildFile; fileRef = D1502D252B5AC8BA00A902F1 /* ExtensionsForApiClientProp.swift */; };
		D1502D292B5ACC6800A902F1 /* SkeletonView in Frameworks */ = {isa = PBXBuildFile; productRef = D1502D282B5ACC6800A902F1 /* SkeletonView */; };
		D160B3372B38B2B30021F92F /* hexStringToColor.swift in Sources */ = {isa = PBXBuildFile; fileRef = D160B3362B38B2B30021F92F /* hexStringToColor.swift */; };
		D160B3392B3C4D240021F92F /* UILabelHeightText.swift in Sources */ = {isa = PBXBuildFile; fileRef = D160B3382B3C4D240021F92F /* UILabelHeightText.swift */; };
		D16742C42B2F729E00C9F033 /* SearchToolsEnum.swift in Sources */ = {isa = PBXBuildFile; fileRef = D16742C32B2F729E00C9F033 /* SearchToolsEnum.swift */; };
		D16742C82B321BE300C9F033 /* SearchTextFieldView.swift in Sources */ = {isa = PBXBuildFile; fileRef = D16742C72B321BE300C9F033 /* SearchTextFieldView.swift */; };
		D16742CA2B3228FF00C9F033 /* LeftImageTexField.swift in Sources */ = {isa = PBXBuildFile; fileRef = D16742C92B3228FE00C9F033 /* LeftImageTexField.swift */; };
		D16742CC2B330E1500C9F033 /* SearchToolsScrollView.swift in Sources */ = {isa = PBXBuildFile; fileRef = D16742CB2B330E1500C9F033 /* SearchToolsScrollView.swift */; };
		D16742D12B33387300C9F033 /* DetailInfoController.swift in Sources */ = {isa = PBXBuildFile; fileRef = D16742D02B33387300C9F033 /* DetailInfoController.swift */; };
		D16742D32B33388C00C9F033 /* MoreAnimeController.swift in Sources */ = {isa = PBXBuildFile; fileRef = D16742D22B33388C00C9F033 /* MoreAnimeController.swift */; };
		D16742D72B34898A00C9F033 /* CustomShapeForImage.swift in Sources */ = {isa = PBXBuildFile; fileRef = D16742D62B34898A00C9F033 /* CustomShapeForImage.swift */; };
		D16742D92B34A41700C9F033 /* ImageShape.swift in Sources */ = {isa = PBXBuildFile; fileRef = D16742D82B34A41700C9F033 /* ImageShape.swift */; };
		D16742DB2B35D53900C9F033 /* DetailAnimePreviewImage.swift in Sources */ = {isa = PBXBuildFile; fileRef = D16742DA2B35D53900C9F033 /* DetailAnimePreviewImage.swift */; };
		D16742DD2B35ED3900C9F033 /* CustomSaveButton.swift in Sources */ = {isa = PBXBuildFile; fileRef = D16742DC2B35ED3900C9F033 /* CustomSaveButton.swift */; };
		D17DDAA92B24D7600082B4D7 /* MenuController.swift in Sources */ = {isa = PBXBuildFile; fileRef = D17DDAA82B24D7600082B4D7 /* MenuController.swift */; };
		D1B89D9C2B24C493007447A5 /* AppDelegate.swift in Sources */ = {isa = PBXBuildFile; fileRef = D1B89D9B2B24C493007447A5 /* AppDelegate.swift */; };
		D1B89D9E2B24C493007447A5 /* SceneDelegate.swift in Sources */ = {isa = PBXBuildFile; fileRef = D1B89D9D2B24C493007447A5 /* SceneDelegate.swift */; };
		D1B89DA52B24C493007447A5 /* Assets.xcassets in Resources */ = {isa = PBXBuildFile; fileRef = D1B89DA42B24C493007447A5 /* Assets.xcassets */; };
		D1B89DA82B24C493007447A5 /* LaunchScreen.storyboard in Resources */ = {isa = PBXBuildFile; fileRef = D1B89DA62B24C493007447A5 /* LaunchScreen.storyboard */; };
		D1B89DB32B24C494007447A5 /* ChoiceOfTwoTests.swift in Sources */ = {isa = PBXBuildFile; fileRef = D1B89DB22B24C494007447A5 /* ChoiceOfTwoTests.swift */; };
		D1B89DBD2B24C494007447A5 /* ChoiceOfTwoUITests.swift in Sources */ = {isa = PBXBuildFile; fileRef = D1B89DBC2B24C494007447A5 /* ChoiceOfTwoUITests.swift */; };
		D1B89DBF2B24C494007447A5 /* ChoiceOfTwoUITestsLaunchTests.swift in Sources */ = {isa = PBXBuildFile; fileRef = D1B89DBE2B24C494007447A5 /* ChoiceOfTwoUITestsLaunchTests.swift */; };
		D1C54FD02B3873EC000182E2 /* ResizeImage.swift in Sources */ = {isa = PBXBuildFile; fileRef = D1C54FCF2B3873EC000182E2 /* ResizeImage.swift */; };
		D1C54FD22B38768E000182E2 /* GenreViewCell.swift in Sources */ = {isa = PBXBuildFile; fileRef = D1C54FD12B38768E000182E2 /* GenreViewCell.swift */; };
		D1C9C8062B27429300E9DE4C /* Apollo in Frameworks */ = {isa = PBXBuildFile; productRef = D1C9C8052B27429300E9DE4C /* Apollo */; };
		D1C9C8082B27429300E9DE4C /* Apollo-Dynamic in Frameworks */ = {isa = PBXBuildFile; productRef = D1C9C8072B27429300E9DE4C /* Apollo-Dynamic */; };
		D1C9C8092B27429300E9DE4C /* Apollo-Dynamic in Embed Frameworks */ = {isa = PBXBuildFile; productRef = D1C9C8072B27429300E9DE4C /* Apollo-Dynamic */; settings = {ATTRIBUTES = (CodeSignOnCopy, ); }; };
		D1C9C80B2B27429300E9DE4C /* ApolloAPI in Frameworks */ = {isa = PBXBuildFile; productRef = D1C9C80A2B27429300E9DE4C /* ApolloAPI */; };
		D1C9C80D2B27429300E9DE4C /* ApolloSQLite in Frameworks */ = {isa = PBXBuildFile; productRef = D1C9C80C2B27429300E9DE4C /* ApolloSQLite */; };
		D1C9C80F2B27429300E9DE4C /* ApolloTestSupport in Frameworks */ = {isa = PBXBuildFile; productRef = D1C9C80E2B27429300E9DE4C /* ApolloTestSupport */; };
		D1C9C8112B27429300E9DE4C /* ApolloWebSocket in Frameworks */ = {isa = PBXBuildFile; productRef = D1C9C8102B27429300E9DE4C /* ApolloWebSocket */; };
		D1C9C81C2B2772F300E9DE4C /* AnilistApi in Frameworks */ = {isa = PBXBuildFile; productRef = D1C9C81B2B2772F300E9DE4C /* AnilistApi */; };
		D1C9C8232B28716100E9DE4C /* ApiClient.swift in Sources */ = {isa = PBXBuildFile; fileRef = D1C9C8222B28716100E9DE4C /* ApiClient.swift */; };
		D1C9C8282B2875DA00E9DE4C /* CustomMenuButtonSections.swift in Sources */ = {isa = PBXBuildFile; fileRef = D1C9C8272B2875DA00E9DE4C /* CustomMenuButtonSections.swift */; };
		D1C9C82B2B287F5800E9DE4C /* SectionHeader.swift in Sources */ = {isa = PBXBuildFile; fileRef = D1C9C82A2B287F5800E9DE4C /* SectionHeader.swift */; };
		D1C9C8342B2882D400E9DE4C /* JosefinSans-Medium.ttf in Resources */ = {isa = PBXBuildFile; fileRef = D1C9C82D2B2882D300E9DE4C /* JosefinSans-Medium.ttf */; };
		D1C9C8352B2882D400E9DE4C /* JosefinSans-Bold.ttf in Resources */ = {isa = PBXBuildFile; fileRef = D1C9C82E2B2882D300E9DE4C /* JosefinSans-Bold.ttf */; };
		D1C9C8362B2882D400E9DE4C /* JosefinSans-ExtraLight.ttf in Resources */ = {isa = PBXBuildFile; fileRef = D1C9C82F2B2882D300E9DE4C /* JosefinSans-ExtraLight.ttf */; };
		D1C9C8372B2882D400E9DE4C /* JosefinSans-Regular.ttf in Resources */ = {isa = PBXBuildFile; fileRef = D1C9C8302B2882D300E9DE4C /* JosefinSans-Regular.ttf */; };
		D1C9C8382B2882D400E9DE4C /* JosefinSans-SemiBold.ttf in Resources */ = {isa = PBXBuildFile; fileRef = D1C9C8312B2882D400E9DE4C /* JosefinSans-SemiBold.ttf */; };
		D1C9C8392B2882D400E9DE4C /* JosefinSans-Thin.ttf in Resources */ = {isa = PBXBuildFile; fileRef = D1C9C8322B2882D400E9DE4C /* JosefinSans-Thin.ttf */; };
		D1C9C83A2B2882D400E9DE4C /* JosefinSans-Light.ttf in Resources */ = {isa = PBXBuildFile; fileRef = D1C9C8332B2882D400E9DE4C /* JosefinSans-Light.ttf */; };
		D1C9C83D2B28838D00E9DE4C /* FontExtension.swift in Sources */ = {isa = PBXBuildFile; fileRef = D1C9C83C2B28838D00E9DE4C /* FontExtension.swift */; };
		D1C9C8472B28B40A00E9DE4C /* MenuAnimePreviewCell.swift in Sources */ = {isa = PBXBuildFile; fileRef = D1C9C8462B28B40A00E9DE4C /* MenuAnimePreviewCell.swift */; };
		D1C9C84E2B28E1BB00E9DE4C /* AsynImageFetching.swift in Sources */ = {isa = PBXBuildFile; fileRef = D1C9C84D2B28E1BB00E9DE4C /* AsynImageFetching.swift */; };
		D1C9C85A2B2CB73B00E9DE4C /* CustomSearchToolView.swift in Sources */ = {isa = PBXBuildFile; fileRef = D1C9C8592B2CB73B00E9DE4C /* CustomSearchToolView.swift */; };
		D1CDF75F2B3C5D74001C3668 /* SideInfoViewCell.swift in Sources */ = {isa = PBXBuildFile; fileRef = D1CDF75E2B3C5D74001C3668 /* SideInfoViewCell.swift */; };
		D1CDF7612B3C71B3001C3668 /* StringToDateConverter.swift in Sources */ = {isa = PBXBuildFile; fileRef = D1CDF7602B3C71B3001C3668 /* StringToDateConverter.swift */; };
		D1CDF7632B3C856D001C3668 /* UIColorLighter&Darker.swift in Sources */ = {isa = PBXBuildFile; fileRef = D1CDF7622B3C856D001C3668 /* UIColorLighter&Darker.swift */; };
/* End PBXBuildFile section */

/* Begin PBXContainerItemProxy section */
		D1B89DAF2B24C494007447A5 /* PBXContainerItemProxy */ = {
			isa = PBXContainerItemProxy;
			containerPortal = D1B89D902B24C492007447A5 /* Project object */;
			proxyType = 1;
			remoteGlobalIDString = D1B89D972B24C493007447A5;
			remoteInfo = ChoiceOfTwo;
		};
		D1B89DB92B24C494007447A5 /* PBXContainerItemProxy */ = {
			isa = PBXContainerItemProxy;
			containerPortal = D1B89D902B24C492007447A5 /* Project object */;
			proxyType = 1;
			remoteGlobalIDString = D1B89D972B24C493007447A5;
			remoteInfo = ChoiceOfTwo;
		};
/* End PBXContainerItemProxy section */

/* Begin PBXCopyFilesBuildPhase section */
		D1C9C8122B27429300E9DE4C /* Embed Frameworks */ = {
			isa = PBXCopyFilesBuildPhase;
			buildActionMask = 2147483647;
			dstPath = "";
			dstSubfolderSpec = 10;
			files = (
				D1C9C8092B27429300E9DE4C /* Apollo-Dynamic in Embed Frameworks */,
			);
			name = "Embed Frameworks";
			runOnlyForDeploymentPostprocessing = 0;
		};
/* End PBXCopyFilesBuildPhase section */

/* Begin PBXFileReference section */
		D1197C832B45E58F00B7174D /* ToolsOptionsCell.swift */ = {isa = PBXFileReference; lastKnownFileType = sourcecode.swift; path = ToolsOptionsCell.swift; sourceTree = "<group>"; };
		D1197C862B504CFB00B7174D /* LoadingAnimePreviewCell.swift */ = {isa = PBXFileReference; lastKnownFileType = sourcecode.swift; path = LoadingAnimePreviewCell.swift; sourceTree = "<group>"; };
		D1197C882B5424AB00B7174D /* scrollToTheBeginning.swift */ = {isa = PBXFileReference; lastKnownFileType = sourcecode.swift; path = scrollToTheBeginning.swift; sourceTree = "<group>"; };
		D1197C8A2B542D9600B7174D /* RoundedImageView.swift */ = {isa = PBXFileReference; lastKnownFileType = sourcecode.swift; path = RoundedImageView.swift; sourceTree = "<group>"; };
		D1197C8C2B5548C400B7174D /* ListOfAnime.swift */ = {isa = PBXFileReference; lastKnownFileType = sourcecode.swift; path = ListOfAnime.swift; sourceTree = "<group>"; };
		D1197C8E2B56C2FE00B7174D /* Saved_mb_for_later.swift */ = {isa = PBXFileReference; lastKnownFileType = sourcecode.swift; path = Saved_mb_for_later.swift; sourceTree = "<group>"; };
		D1502D232B5AC88C00A902F1 /* Genre.swift */ = {isa = PBXFileReference; lastKnownFileType = sourcecode.swift; path = Genre.swift; sourceTree = "<group>"; };
		D1502D252B5AC8BA00A902F1 /* ExtensionsForApiClientProp.swift */ = {isa = PBXFileReference; lastKnownFileType = sourcecode.swift; path = ExtensionsForApiClientProp.swift; sourceTree = "<group>"; };
		D160B3362B38B2B30021F92F /* hexStringToColor.swift */ = {isa = PBXFileReference; lastKnownFileType = sourcecode.swift; path = hexStringToColor.swift; sourceTree = "<group>"; };
		D160B3382B3C4D240021F92F /* UILabelHeightText.swift */ = {isa = PBXFileReference; lastKnownFileType = sourcecode.swift; path = UILabelHeightText.swift; sourceTree = "<group>"; };
		D16742C32B2F729E00C9F033 /* SearchToolsEnum.swift */ = {isa = PBXFileReference; lastKnownFileType = sourcecode.swift; path = SearchToolsEnum.swift; sourceTree = "<group>"; };
		D16742C72B321BE300C9F033 /* SearchTextFieldView.swift */ = {isa = PBXFileReference; lastKnownFileType = sourcecode.swift; path = SearchTextFieldView.swift; sourceTree = "<group>"; };
		D16742C92B3228FE00C9F033 /* LeftImageTexField.swift */ = {isa = PBXFileReference; lastKnownFileType = sourcecode.swift; path = LeftImageTexField.swift; sourceTree = "<group>"; };
		D16742CB2B330E1500C9F033 /* SearchToolsScrollView.swift */ = {isa = PBXFileReference; lastKnownFileType = sourcecode.swift; path = SearchToolsScrollView.swift; sourceTree = "<group>"; };
		D16742D02B33387300C9F033 /* DetailInfoController.swift */ = {isa = PBXFileReference; lastKnownFileType = sourcecode.swift; path = DetailInfoController.swift; sourceTree = "<group>"; };
		D16742D22B33388C00C9F033 /* MoreAnimeController.swift */ = {isa = PBXFileReference; lastKnownFileType = sourcecode.swift; path = MoreAnimeController.swift; sourceTree = "<group>"; };
		D16742D62B34898A00C9F033 /* CustomShapeForImage.swift */ = {isa = PBXFileReference; lastKnownFileType = sourcecode.swift; path = CustomShapeForImage.swift; sourceTree = "<group>"; };
		D16742D82B34A41700C9F033 /* ImageShape.swift */ = {isa = PBXFileReference; lastKnownFileType = sourcecode.swift; path = ImageShape.swift; sourceTree = "<group>"; };
		D16742DA2B35D53900C9F033 /* DetailAnimePreviewImage.swift */ = {isa = PBXFileReference; lastKnownFileType = sourcecode.swift; path = DetailAnimePreviewImage.swift; sourceTree = "<group>"; };
		D16742DC2B35ED3900C9F033 /* CustomSaveButton.swift */ = {isa = PBXFileReference; lastKnownFileType = sourcecode.swift; path = CustomSaveButton.swift; sourceTree = "<group>"; };
		D17DDAA82B24D7600082B4D7 /* MenuController.swift */ = {isa = PBXFileReference; lastKnownFileType = sourcecode.swift; path = MenuController.swift; sourceTree = "<group>"; };
		D1B89D982B24C493007447A5 /* ChoiceOfTwo.app */ = {isa = PBXFileReference; explicitFileType = wrapper.application; includeInIndex = 0; path = ChoiceOfTwo.app; sourceTree = BUILT_PRODUCTS_DIR; };
		D1B89D9B2B24C493007447A5 /* AppDelegate.swift */ = {isa = PBXFileReference; lastKnownFileType = sourcecode.swift; path = AppDelegate.swift; sourceTree = "<group>"; };
		D1B89D9D2B24C493007447A5 /* SceneDelegate.swift */ = {isa = PBXFileReference; lastKnownFileType = sourcecode.swift; path = SceneDelegate.swift; sourceTree = "<group>"; };
		D1B89DA42B24C493007447A5 /* Assets.xcassets */ = {isa = PBXFileReference; lastKnownFileType = folder.assetcatalog; path = Assets.xcassets; sourceTree = "<group>"; };
		D1B89DA72B24C493007447A5 /* Base */ = {isa = PBXFileReference; lastKnownFileType = file.storyboard; name = Base; path = Base.lproj/LaunchScreen.storyboard; sourceTree = "<group>"; };
		D1B89DA92B24C493007447A5 /* Info.plist */ = {isa = PBXFileReference; lastKnownFileType = text.plist.xml; path = Info.plist; sourceTree = "<group>"; };
		D1B89DAE2B24C494007447A5 /* ChoiceOfTwoTests.xctest */ = {isa = PBXFileReference; explicitFileType = wrapper.cfbundle; includeInIndex = 0; path = ChoiceOfTwoTests.xctest; sourceTree = BUILT_PRODUCTS_DIR; };
		D1B89DB22B24C494007447A5 /* ChoiceOfTwoTests.swift */ = {isa = PBXFileReference; lastKnownFileType = sourcecode.swift; path = ChoiceOfTwoTests.swift; sourceTree = "<group>"; };
		D1B89DB82B24C494007447A5 /* ChoiceOfTwoUITests.xctest */ = {isa = PBXFileReference; explicitFileType = wrapper.cfbundle; includeInIndex = 0; path = ChoiceOfTwoUITests.xctest; sourceTree = BUILT_PRODUCTS_DIR; };
		D1B89DBC2B24C494007447A5 /* ChoiceOfTwoUITests.swift */ = {isa = PBXFileReference; lastKnownFileType = sourcecode.swift; path = ChoiceOfTwoUITests.swift; sourceTree = "<group>"; };
		D1B89DBE2B24C494007447A5 /* ChoiceOfTwoUITestsLaunchTests.swift */ = {isa = PBXFileReference; lastKnownFileType = sourcecode.swift; path = ChoiceOfTwoUITestsLaunchTests.swift; sourceTree = "<group>"; };
		D1C54FCF2B3873EC000182E2 /* ResizeImage.swift */ = {isa = PBXFileReference; lastKnownFileType = sourcecode.swift; path = ResizeImage.swift; sourceTree = "<group>"; };
		D1C54FD12B38768E000182E2 /* GenreViewCell.swift */ = {isa = PBXFileReference; lastKnownFileType = sourcecode.swift; path = GenreViewCell.swift; sourceTree = "<group>"; };
		D1C9C8162B27632400E9DE4C /* query.graphql */ = {isa = PBXFileReference; lastKnownFileType = text; path = query.graphql; sourceTree = "<group>"; };
		D1C9C8192B27713900E9DE4C /* shema.json */ = {isa = PBXFileReference; lastKnownFileType = text.json; path = shema.json; sourceTree = "<group>"; };
		D1C9C8222B28716100E9DE4C /* ApiClient.swift */ = {isa = PBXFileReference; lastKnownFileType = sourcecode.swift; path = ApiClient.swift; sourceTree = "<group>"; };
		D1C9C8272B2875DA00E9DE4C /* CustomMenuButtonSections.swift */ = {isa = PBXFileReference; lastKnownFileType = sourcecode.swift; path = CustomMenuButtonSections.swift; sourceTree = "<group>"; };
		D1C9C82A2B287F5800E9DE4C /* SectionHeader.swift */ = {isa = PBXFileReference; lastKnownFileType = sourcecode.swift; path = SectionHeader.swift; sourceTree = "<group>"; };
		D1C9C82D2B2882D300E9DE4C /* JosefinSans-Medium.ttf */ = {isa = PBXFileReference; lastKnownFileType = file; path = "JosefinSans-Medium.ttf"; sourceTree = "<group>"; };
		D1C9C82E2B2882D300E9DE4C /* JosefinSans-Bold.ttf */ = {isa = PBXFileReference; lastKnownFileType = file; path = "JosefinSans-Bold.ttf"; sourceTree = "<group>"; };
		D1C9C82F2B2882D300E9DE4C /* JosefinSans-ExtraLight.ttf */ = {isa = PBXFileReference; lastKnownFileType = file; path = "JosefinSans-ExtraLight.ttf"; sourceTree = "<group>"; };
		D1C9C8302B2882D300E9DE4C /* JosefinSans-Regular.ttf */ = {isa = PBXFileReference; lastKnownFileType = file; path = "JosefinSans-Regular.ttf"; sourceTree = "<group>"; };
		D1C9C8312B2882D400E9DE4C /* JosefinSans-SemiBold.ttf */ = {isa = PBXFileReference; lastKnownFileType = file; path = "JosefinSans-SemiBold.ttf"; sourceTree = "<group>"; };
		D1C9C8322B2882D400E9DE4C /* JosefinSans-Thin.ttf */ = {isa = PBXFileReference; lastKnownFileType = file; path = "JosefinSans-Thin.ttf"; sourceTree = "<group>"; };
		D1C9C8332B2882D400E9DE4C /* JosefinSans-Light.ttf */ = {isa = PBXFileReference; lastKnownFileType = file; path = "JosefinSans-Light.ttf"; sourceTree = "<group>"; };
		D1C9C83C2B28838D00E9DE4C /* FontExtension.swift */ = {isa = PBXFileReference; lastKnownFileType = sourcecode.swift; path = FontExtension.swift; sourceTree = "<group>"; };
		D1C9C8462B28B40A00E9DE4C /* MenuAnimePreviewCell.swift */ = {isa = PBXFileReference; lastKnownFileType = sourcecode.swift; path = MenuAnimePreviewCell.swift; sourceTree = "<group>"; };
		D1C9C84D2B28E1BB00E9DE4C /* AsynImageFetching.swift */ = {isa = PBXFileReference; lastKnownFileType = sourcecode.swift; path = AsynImageFetching.swift; sourceTree = "<group>"; };
		D1C9C8592B2CB73B00E9DE4C /* CustomSearchToolView.swift */ = {isa = PBXFileReference; lastKnownFileType = sourcecode.swift; path = CustomSearchToolView.swift; sourceTree = "<group>"; };
		D1CDF75E2B3C5D74001C3668 /* SideInfoViewCell.swift */ = {isa = PBXFileReference; lastKnownFileType = sourcecode.swift; path = SideInfoViewCell.swift; sourceTree = "<group>"; };
		D1CDF7602B3C71B3001C3668 /* StringToDateConverter.swift */ = {isa = PBXFileReference; lastKnownFileType = sourcecode.swift; path = StringToDateConverter.swift; sourceTree = "<group>"; };
		D1CDF7622B3C856D001C3668 /* UIColorLighter&Darker.swift */ = {isa = PBXFileReference; lastKnownFileType = sourcecode.swift; path = "UIColorLighter&Darker.swift"; sourceTree = "<group>"; };
/* End PBXFileReference section */

/* Begin PBXFrameworksBuildPhase section */
		D1B89D952B24C493007447A5 /* Frameworks */ = {
			isa = PBXFrameworksBuildPhase;
			buildActionMask = 2147483647;
			files = (
				D1C9C80B2B27429300E9DE4C /* ApolloAPI in Frameworks */,
				D1C9C8112B27429300E9DE4C /* ApolloWebSocket in Frameworks */,
				D1C9C80F2B27429300E9DE4C /* ApolloTestSupport in Frameworks */,
				D1C9C80D2B27429300E9DE4C /* ApolloSQLite in Frameworks */,
				D1502D292B5ACC6800A902F1 /* SkeletonView in Frameworks */,
				D1C9C81C2B2772F300E9DE4C /* AnilistApi in Frameworks */,
				D1C9C8062B27429300E9DE4C /* Apollo in Frameworks */,
				D1C9C8082B27429300E9DE4C /* Apollo-Dynamic in Frameworks */,
			);
			runOnlyForDeploymentPostprocessing = 0;
		};
		D1B89DAB2B24C494007447A5 /* Frameworks */ = {
			isa = PBXFrameworksBuildPhase;
			buildActionMask = 2147483647;
			files = (
			);
			runOnlyForDeploymentPostprocessing = 0;
		};
		D1B89DB52B24C494007447A5 /* Frameworks */ = {
			isa = PBXFrameworksBuildPhase;
			buildActionMask = 2147483647;
			files = (
			);
			runOnlyForDeploymentPostprocessing = 0;
		};
/* End PBXFrameworksBuildPhase section */

/* Begin PBXGroup section */
		D16742DE2B36086300C9F033 /* DetailComponents */ = {
			isa = PBXGroup;
			children = (
				D1C54FD12B38768E000182E2 /* GenreViewCell.swift */,
				D16742D62B34898A00C9F033 /* CustomShapeForImage.swift */,
				D16742DC2B35ED3900C9F033 /* CustomSaveButton.swift */,
				D16742DA2B35D53900C9F033 /* DetailAnimePreviewImage.swift */,
			);
			path = DetailComponents;
			sourceTree = "<group>";
		};
		D16742DF2B36087600C9F033 /* MenuComponents */ = {
			isa = PBXGroup;
			children = (
				D16742CB2B330E1500C9F033 /* SearchToolsScrollView.swift */,
				D16742C72B321BE300C9F033 /* SearchTextFieldView.swift */,
				D1C9C8592B2CB73B00E9DE4C /* CustomSearchToolView.swift */,
				D1197C832B45E58F00B7174D /* ToolsOptionsCell.swift */,
				D1C9C8462B28B40A00E9DE4C /* MenuAnimePreviewCell.swift */,
				D1C9C82A2B287F5800E9DE4C /* SectionHeader.swift */,
				D1C9C8272B2875DA00E9DE4C /* CustomMenuButtonSections.swift */,
				D1197C862B504CFB00B7174D /* LoadingAnimePreviewCell.swift */,
			);
			path = MenuComponents;
			sourceTree = "<group>";
		};
		D17DDAA52B24D6810082B4D7 /* Views */ = {
			isa = PBXGroup;
			children = (
				D16742DF2B36087600C9F033 /* MenuComponents */,
				D16742DE2B36086300C9F033 /* DetailComponents */,
				D1CDF75E2B3C5D74001C3668 /* SideInfoViewCell.swift */,
			);
			path = Views;
			sourceTree = "<group>";
		};
		D17DDAA62B24D6830082B4D7 /* Controllers */ = {
			isa = PBXGroup;
			children = (
				D17DDAA82B24D7600082B4D7 /* MenuController.swift */,
				D16742D02B33387300C9F033 /* DetailInfoController.swift */,
				D16742D22B33388C00C9F033 /* MoreAnimeController.swift */,
			);
			path = Controllers;
			sourceTree = "<group>";
		};
		D17DDAA72B24D6910082B4D7 /* Model */ = {
			isa = PBXGroup;
			children = (
				D16742C32B2F729E00C9F033 /* SearchToolsEnum.swift */,
				D1197C8C2B5548C400B7174D /* ListOfAnime.swift */,
				D1502D232B5AC88C00A902F1 /* Genre.swift */,
			);
			path = Model;
			sourceTree = "<group>";
		};
		D17DDAAD2B2506BF0082B4D7 /* Supporting */ = {
			isa = PBXGroup;
			children = (
				D1B89D9B2B24C493007447A5 /* AppDelegate.swift */,
				D1B89D9D2B24C493007447A5 /* SceneDelegate.swift */,
				D1B89DA42B24C493007447A5 /* Assets.xcassets */,
				D1C9C8292B287D6300E9DE4C /* New Group */,
				D1B89DA62B24C493007447A5 /* LaunchScreen.storyboard */,
			);
			path = Supporting;
			sourceTree = "<group>";
		};
		D1B89D8F2B24C492007447A5 = {
			isa = PBXGroup;
			children = (
				D1B89D9A2B24C493007447A5 /* ChoiceOfTwo */,
				D1B89DB12B24C494007447A5 /* ChoiceOfTwoTests */,
				D1B89DBB2B24C494007447A5 /* ChoiceOfTwoUITests */,
				D1B89D992B24C493007447A5 /* Products */,
				D1C9C8042B27429300E9DE4C /* Frameworks */,
			);
			sourceTree = "<group>";
		};
		D1B89D992B24C493007447A5 /* Products */ = {
			isa = PBXGroup;
			children = (
				D1B89D982B24C493007447A5 /* ChoiceOfTwo.app */,
				D1B89DAE2B24C494007447A5 /* ChoiceOfTwoTests.xctest */,
				D1B89DB82B24C494007447A5 /* ChoiceOfTwoUITests.xctest */,
			);
			name = Products;
			sourceTree = "<group>";
		};
		D1B89D9A2B24C493007447A5 /* ChoiceOfTwo */ = {
			isa = PBXGroup;
			children = (
				D1B89DA92B24C493007447A5 /* Info.plist */,
				D1C9C83B2B28837700E9DE4C /* Helpers */,
				D1C9C82C2B287FF100E9DE4C /* Font */,
				D1C9C8212B28714900E9DE4C /* ApiManger */,
				D1C9C8152B2762F300E9DE4C /* GraphQL */,
				D17DDAA52B24D6810082B4D7 /* Views */,
				D17DDAA62B24D6830082B4D7 /* Controllers */,
				D17DDAA72B24D6910082B4D7 /* Model */,
				D17DDAAD2B2506BF0082B4D7 /* Supporting */,
			);
			path = ChoiceOfTwo;
			sourceTree = "<group>";
		};
		D1B89DB12B24C494007447A5 /* ChoiceOfTwoTests */ = {
			isa = PBXGroup;
			children = (
				D1B89DB22B24C494007447A5 /* ChoiceOfTwoTests.swift */,
			);
			path = ChoiceOfTwoTests;
			sourceTree = "<group>";
		};
		D1B89DBB2B24C494007447A5 /* ChoiceOfTwoUITests */ = {
			isa = PBXGroup;
			children = (
				D1B89DBC2B24C494007447A5 /* ChoiceOfTwoUITests.swift */,
				D1B89DBE2B24C494007447A5 /* ChoiceOfTwoUITestsLaunchTests.swift */,
			);
			path = ChoiceOfTwoUITests;
			sourceTree = "<group>";
		};
		D1C9C8042B27429300E9DE4C /* Frameworks */ = {
			isa = PBXGroup;
			children = (
			);
			name = Frameworks;
			sourceTree = "<group>";
		};
		D1C9C8152B2762F300E9DE4C /* GraphQL */ = {
			isa = PBXGroup;
			children = (
				D1C9C8192B27713900E9DE4C /* shema.json */,
				D1C9C8162B27632400E9DE4C /* query.graphql */,
				D1197C8E2B56C2FE00B7174D /* Saved_mb_for_later.swift */,
			);
			path = GraphQL;
			sourceTree = "<group>";
		};
		D1C9C8212B28714900E9DE4C /* ApiManger */ = {
			isa = PBXGroup;
			children = (
				D1C9C8222B28716100E9DE4C /* ApiClient.swift */,
			);
			path = ApiManger;
			sourceTree = "<group>";
		};
		D1C9C8292B287D6300E9DE4C /* New Group */ = {
			isa = PBXGroup;
			children = (
			);
			path = "New Group";
			sourceTree = "<group>";
		};
		D1C9C82C2B287FF100E9DE4C /* Font */ = {
			isa = PBXGroup;
			children = (
				D1C9C82E2B2882D300E9DE4C /* JosefinSans-Bold.ttf */,
				D1C9C82F2B2882D300E9DE4C /* JosefinSans-ExtraLight.ttf */,
				D1C9C8332B2882D400E9DE4C /* JosefinSans-Light.ttf */,
				D1C9C82D2B2882D300E9DE4C /* JosefinSans-Medium.ttf */,
				D1C9C8302B2882D300E9DE4C /* JosefinSans-Regular.ttf */,
				D1C9C8312B2882D400E9DE4C /* JosefinSans-SemiBold.ttf */,
				D1C9C8322B2882D400E9DE4C /* JosefinSans-Thin.ttf */,
			);
			path = Font;
			sourceTree = "<group>";
		};
		D1C9C83B2B28837700E9DE4C /* Helpers */ = {
			isa = PBXGroup;
			children = (
				D1C9C83C2B28838D00E9DE4C /* FontExtension.swift */,
				D1C9C84D2B28E1BB00E9DE4C /* AsynImageFetching.swift */,
				D16742C92B3228FE00C9F033 /* LeftImageTexField.swift */,
				D16742D82B34A41700C9F033 /* ImageShape.swift */,
				D1C54FCF2B3873EC000182E2 /* ResizeImage.swift */,
				D160B3362B38B2B30021F92F /* hexStringToColor.swift */,
				D160B3382B3C4D240021F92F /* UILabelHeightText.swift */,
				D1CDF7602B3C71B3001C3668 /* StringToDateConverter.swift */,
				D1CDF7622B3C856D001C3668 /* UIColorLighter&Darker.swift */,
				D1197C882B5424AB00B7174D /* scrollToTheBeginning.swift */,
				D1197C8A2B542D9600B7174D /* RoundedImageView.swift */,
				D1502D252B5AC8BA00A902F1 /* ExtensionsForApiClientProp.swift */,
			);
			path = Helpers;
			sourceTree = "<group>";
		};
/* End PBXGroup section */

/* Begin PBXNativeTarget section */
		D1B89D972B24C493007447A5 /* ChoiceOfTwo */ = {
			isa = PBXNativeTarget;
			buildConfigurationList = D1B89DC22B24C494007447A5 /* Build configuration list for PBXNativeTarget "ChoiceOfTwo" */;
			buildPhases = (
				D1B89D942B24C493007447A5 /* Sources */,
				D1B89D952B24C493007447A5 /* Frameworks */,
				D1B89D962B24C493007447A5 /* Resources */,
				D1C9C8122B27429300E9DE4C /* Embed Frameworks */,
			);
			buildRules = (
			);
			dependencies = (
			);
			name = ChoiceOfTwo;
			packageProductDependencies = (
				D1C9C8052B27429300E9DE4C /* Apollo */,
				D1C9C8072B27429300E9DE4C /* Apollo-Dynamic */,
				D1C9C80A2B27429300E9DE4C /* ApolloAPI */,
				D1C9C80C2B27429300E9DE4C /* ApolloSQLite */,
				D1C9C80E2B27429300E9DE4C /* ApolloTestSupport */,
				D1C9C8102B27429300E9DE4C /* ApolloWebSocket */,
				D1C9C81B2B2772F300E9DE4C /* AnilistApi */,
				D1502D282B5ACC6800A902F1 /* SkeletonView */,
			);
			productName = ChoiceOfTwo;
			productReference = D1B89D982B24C493007447A5 /* ChoiceOfTwo.app */;
			productType = "com.apple.product-type.application";
		};
		D1B89DAD2B24C494007447A5 /* ChoiceOfTwoTests */ = {
			isa = PBXNativeTarget;
			buildConfigurationList = D1B89DC52B24C494007447A5 /* Build configuration list for PBXNativeTarget "ChoiceOfTwoTests" */;
			buildPhases = (
				D1B89DAA2B24C494007447A5 /* Sources */,
				D1B89DAB2B24C494007447A5 /* Frameworks */,
				D1B89DAC2B24C494007447A5 /* Resources */,
			);
			buildRules = (
			);
			dependencies = (
				D1B89DB02B24C494007447A5 /* PBXTargetDependency */,
			);
			name = ChoiceOfTwoTests;
			productName = ChoiceOfTwoTests;
			productReference = D1B89DAE2B24C494007447A5 /* ChoiceOfTwoTests.xctest */;
			productType = "com.apple.product-type.bundle.unit-test";
		};
		D1B89DB72B24C494007447A5 /* ChoiceOfTwoUITests */ = {
			isa = PBXNativeTarget;
			buildConfigurationList = D1B89DC82B24C494007447A5 /* Build configuration list for PBXNativeTarget "ChoiceOfTwoUITests" */;
			buildPhases = (
				D1B89DB42B24C494007447A5 /* Sources */,
				D1B89DB52B24C494007447A5 /* Frameworks */,
				D1B89DB62B24C494007447A5 /* Resources */,
			);
			buildRules = (
			);
			dependencies = (
				D1B89DBA2B24C494007447A5 /* PBXTargetDependency */,
			);
			name = ChoiceOfTwoUITests;
			productName = ChoiceOfTwoUITests;
			productReference = D1B89DB82B24C494007447A5 /* ChoiceOfTwoUITests.xctest */;
			productType = "com.apple.product-type.bundle.ui-testing";
		};
/* End PBXNativeTarget section */

/* Begin PBXProject section */
		D1B89D902B24C492007447A5 /* Project object */ = {
			isa = PBXProject;
			attributes = {
				BuildIndependentTargetsInParallel = 1;
				LastSwiftUpdateCheck = 1500;
				LastUpgradeCheck = 1500;
				TargetAttributes = {
					D1B89D972B24C493007447A5 = {
						CreatedOnToolsVersion = 15.0.1;
					};
					D1B89DAD2B24C494007447A5 = {
						CreatedOnToolsVersion = 15.0.1;
						TestTargetID = D1B89D972B24C493007447A5;
					};
					D1B89DB72B24C494007447A5 = {
						CreatedOnToolsVersion = 15.0.1;
						TestTargetID = D1B89D972B24C493007447A5;
					};
				};
			};
			buildConfigurationList = D1B89D932B24C492007447A5 /* Build configuration list for PBXProject "ChoiceOfTwo" */;
			compatibilityVersion = "Xcode 14.0";
			developmentRegion = en;
			hasScannedForEncodings = 0;
			knownRegions = (
				en,
				Base,
			);
			mainGroup = D1B89D8F2B24C492007447A5;
			packageReferences = (
				D1C9C8032B27428800E9DE4C /* XCRemoteSwiftPackageReference "apollo-ios" */,
				D1C9C81A2B2772F300E9DE4C /* XCLocalSwiftPackageReference "AnilistApi" */,
				D1502D272B5ACC6800A902F1 /* XCRemoteSwiftPackageReference "SkeletonView" */,
			);
			productRefGroup = D1B89D992B24C493007447A5 /* Products */;
			projectDirPath = "";
			projectRoot = "";
			targets = (
				D1B89D972B24C493007447A5 /* ChoiceOfTwo */,
				D1B89DAD2B24C494007447A5 /* ChoiceOfTwoTests */,
				D1B89DB72B24C494007447A5 /* ChoiceOfTwoUITests */,
			);
		};
/* End PBXProject section */

/* Begin PBXResourcesBuildPhase section */
		D1B89D962B24C493007447A5 /* Resources */ = {
			isa = PBXResourcesBuildPhase;
			buildActionMask = 2147483647;
			files = (
				D1C9C83A2B2882D400E9DE4C /* JosefinSans-Light.ttf in Resources */,
				D1C9C8382B2882D400E9DE4C /* JosefinSans-SemiBold.ttf in Resources */,
				D1B89DA82B24C493007447A5 /* LaunchScreen.storyboard in Resources */,
				D1C9C8372B2882D400E9DE4C /* JosefinSans-Regular.ttf in Resources */,
				D1C9C8392B2882D400E9DE4C /* JosefinSans-Thin.ttf in Resources */,
				D1C9C8362B2882D400E9DE4C /* JosefinSans-ExtraLight.ttf in Resources */,
				D1C9C8352B2882D400E9DE4C /* JosefinSans-Bold.ttf in Resources */,
				D1B89DA52B24C493007447A5 /* Assets.xcassets in Resources */,
				D1C9C8342B2882D400E9DE4C /* JosefinSans-Medium.ttf in Resources */,
			);
			runOnlyForDeploymentPostprocessing = 0;
		};
		D1B89DAC2B24C494007447A5 /* Resources */ = {
			isa = PBXResourcesBuildPhase;
			buildActionMask = 2147483647;
			files = (
			);
			runOnlyForDeploymentPostprocessing = 0;
		};
		D1B89DB62B24C494007447A5 /* Resources */ = {
			isa = PBXResourcesBuildPhase;
			buildActionMask = 2147483647;
			files = (
			);
			runOnlyForDeploymentPostprocessing = 0;
		};
/* End PBXResourcesBuildPhase section */

/* Begin PBXSourcesBuildPhase section */
		D1B89D942B24C493007447A5 /* Sources */ = {
			isa = PBXSourcesBuildPhase;
			buildActionMask = 2147483647;
			files = (
				D1197C8B2B542D9600B7174D /* RoundedImageView.swift in Sources */,
				D1197C8F2B56C2FF00B7174D /* Saved_mb_for_later.swift in Sources */,
				D17DDAA92B24D7600082B4D7 /* MenuController.swift in Sources */,
				D1C9C82B2B287F5800E9DE4C /* SectionHeader.swift in Sources */,
				D16742D72B34898A00C9F033 /* CustomShapeForImage.swift in Sources */,
				D1C9C83D2B28838D00E9DE4C /* FontExtension.swift in Sources */,
				D1B89D9C2B24C493007447A5 /* AppDelegate.swift in Sources */,
				D1C9C8282B2875DA00E9DE4C /* CustomMenuButtonSections.swift in Sources */,
				D1197C842B45E58F00B7174D /* ToolsOptionsCell.swift in Sources */,
				D1CDF7612B3C71B3001C3668 /* StringToDateConverter.swift in Sources */,
				D16742D92B34A41700C9F033 /* ImageShape.swift in Sources */,
				D1502D262B5AC8BA00A902F1 /* ExtensionsForApiClientProp.swift in Sources */,
				D16742CA2B3228FF00C9F033 /* LeftImageTexField.swift in Sources */,
				D1C9C85A2B2CB73B00E9DE4C /* CustomSearchToolView.swift in Sources */,
				D1C54FD02B3873EC000182E2 /* ResizeImage.swift in Sources */,
				D1197C872B504CFB00B7174D /* LoadingAnimePreviewCell.swift in Sources */,
				D1C9C8472B28B40A00E9DE4C /* MenuAnimePreviewCell.swift in Sources */,
				D1197C8D2B5548C400B7174D /* ListOfAnime.swift in Sources */,
				D1C9C8232B28716100E9DE4C /* ApiClient.swift in Sources */,
				D16742DD2B35ED3900C9F033 /* CustomSaveButton.swift in Sources */,
				D16742D12B33387300C9F033 /* DetailInfoController.swift in Sources */,
				D16742CC2B330E1500C9F033 /* SearchToolsScrollView.swift in Sources */,
				D1CDF75F2B3C5D74001C3668 /* SideInfoViewCell.swift in Sources */,
				D16742C42B2F729E00C9F033 /* SearchToolsEnum.swift in Sources */,
				D1197C892B5424AB00B7174D /* scrollToTheBeginning.swift in Sources */,
				D16742C82B321BE300C9F033 /* SearchTextFieldView.swift in Sources */,
				D1C54FD22B38768E000182E2 /* GenreViewCell.swift in Sources */,
				D160B3392B3C4D240021F92F /* UILabelHeightText.swift in Sources */,
				D1502D242B5AC88C00A902F1 /* Genre.swift in Sources */,
				D1CDF7632B3C856D001C3668 /* UIColorLighter&Darker.swift in Sources */,
				D16742DB2B35D53900C9F033 /* DetailAnimePreviewImage.swift in Sources */,
				D160B3372B38B2B30021F92F /* hexStringToColor.swift in Sources */,
				D1B89D9E2B24C493007447A5 /* SceneDelegate.swift in Sources */,
				D16742D32B33388C00C9F033 /* MoreAnimeController.swift in Sources */,
				D1C9C84E2B28E1BB00E9DE4C /* AsynImageFetching.swift in Sources */,
			);
			runOnlyForDeploymentPostprocessing = 0;
		};
		D1B89DAA2B24C494007447A5 /* Sources */ = {
			isa = PBXSourcesBuildPhase;
			buildActionMask = 2147483647;
			files = (
				D1B89DB32B24C494007447A5 /* ChoiceOfTwoTests.swift in Sources */,
			);
			runOnlyForDeploymentPostprocessing = 0;
		};
		D1B89DB42B24C494007447A5 /* Sources */ = {
			isa = PBXSourcesBuildPhase;
			buildActionMask = 2147483647;
			files = (
				D1B89DBD2B24C494007447A5 /* ChoiceOfTwoUITests.swift in Sources */,
				D1B89DBF2B24C494007447A5 /* ChoiceOfTwoUITestsLaunchTests.swift in Sources */,
			);
			runOnlyForDeploymentPostprocessing = 0;
		};
/* End PBXSourcesBuildPhase section */

/* Begin PBXTargetDependency section */
		D1B89DB02B24C494007447A5 /* PBXTargetDependency */ = {
			isa = PBXTargetDependency;
			target = D1B89D972B24C493007447A5 /* ChoiceOfTwo */;
			targetProxy = D1B89DAF2B24C494007447A5 /* PBXContainerItemProxy */;
		};
		D1B89DBA2B24C494007447A5 /* PBXTargetDependency */ = {
			isa = PBXTargetDependency;
			target = D1B89D972B24C493007447A5 /* ChoiceOfTwo */;
			targetProxy = D1B89DB92B24C494007447A5 /* PBXContainerItemProxy */;
		};
/* End PBXTargetDependency section */

/* Begin PBXVariantGroup section */
		D1B89DA62B24C493007447A5 /* LaunchScreen.storyboard */ = {
			isa = PBXVariantGroup;
			children = (
				D1B89DA72B24C493007447A5 /* Base */,
			);
			name = LaunchScreen.storyboard;
			sourceTree = "<group>";
		};
/* End PBXVariantGroup section */

/* Begin XCBuildConfiguration section */
		D1B89DC02B24C494007447A5 /* Debug */ = {
			isa = XCBuildConfiguration;
			buildSettings = {
				ALWAYS_SEARCH_USER_PATHS = NO;
				ASSETCATALOG_COMPILER_GENERATE_SWIFT_ASSET_SYMBOL_EXTENSIONS = YES;
				CLANG_ANALYZER_NONNULL = YES;
				CLANG_ANALYZER_NUMBER_OBJECT_CONVERSION = YES_AGGRESSIVE;
				CLANG_CXX_LANGUAGE_STANDARD = "gnu++20";
				CLANG_ENABLE_MODULES = YES;
				CLANG_ENABLE_OBJC_ARC = YES;
				CLANG_ENABLE_OBJC_WEAK = YES;
				CLANG_WARN_BLOCK_CAPTURE_AUTORELEASING = YES;
				CLANG_WARN_BOOL_CONVERSION = YES;
				CLANG_WARN_COMMA = YES;
				CLANG_WARN_CONSTANT_CONVERSION = YES;
				CLANG_WARN_DEPRECATED_OBJC_IMPLEMENTATIONS = YES;
				CLANG_WARN_DIRECT_OBJC_ISA_USAGE = YES_ERROR;
				CLANG_WARN_DOCUMENTATION_COMMENTS = YES;
				CLANG_WARN_EMPTY_BODY = YES;
				CLANG_WARN_ENUM_CONVERSION = YES;
				CLANG_WARN_INFINITE_RECURSION = YES;
				CLANG_WARN_INT_CONVERSION = YES;
				CLANG_WARN_NON_LITERAL_NULL_CONVERSION = YES;
				CLANG_WARN_OBJC_IMPLICIT_RETAIN_SELF = YES;
				CLANG_WARN_OBJC_LITERAL_CONVERSION = YES;
				CLANG_WARN_OBJC_ROOT_CLASS = YES_ERROR;
				CLANG_WARN_QUOTED_INCLUDE_IN_FRAMEWORK_HEADER = YES;
				CLANG_WARN_RANGE_LOOP_ANALYSIS = YES;
				CLANG_WARN_STRICT_PROTOTYPES = YES;
				CLANG_WARN_SUSPICIOUS_MOVE = YES;
				CLANG_WARN_UNGUARDED_AVAILABILITY = YES_AGGRESSIVE;
				CLANG_WARN_UNREACHABLE_CODE = YES;
				CLANG_WARN__DUPLICATE_METHOD_MATCH = YES;
				COPY_PHASE_STRIP = NO;
				DEBUG_INFORMATION_FORMAT = dwarf;
				ENABLE_STRICT_OBJC_MSGSEND = YES;
				ENABLE_TESTABILITY = YES;
				ENABLE_USER_SCRIPT_SANDBOXING = YES;
				GCC_C_LANGUAGE_STANDARD = gnu17;
				GCC_DYNAMIC_NO_PIC = NO;
				GCC_NO_COMMON_BLOCKS = YES;
				GCC_OPTIMIZATION_LEVEL = 0;
				GCC_PREPROCESSOR_DEFINITIONS = (
					"DEBUG=1",
					"$(inherited)",
				);
				GCC_WARN_64_TO_32_BIT_CONVERSION = YES;
				GCC_WARN_ABOUT_RETURN_TYPE = YES_ERROR;
				GCC_WARN_UNDECLARED_SELECTOR = YES;
				GCC_WARN_UNINITIALIZED_AUTOS = YES_AGGRESSIVE;
				GCC_WARN_UNUSED_FUNCTION = YES;
				GCC_WARN_UNUSED_VARIABLE = YES;
				IPHONEOS_DEPLOYMENT_TARGET = 17.0;
				LOCALIZATION_PREFERS_STRING_CATALOGS = YES;
				MTL_ENABLE_DEBUG_INFO = INCLUDE_SOURCE;
				MTL_FAST_MATH = YES;
				ONLY_ACTIVE_ARCH = YES;
				SDKROOT = iphoneos;
				SWIFT_ACTIVE_COMPILATION_CONDITIONS = "DEBUG $(inherited)";
				SWIFT_OPTIMIZATION_LEVEL = "-Onone";
			};
			name = Debug;
		};
		D1B89DC12B24C494007447A5 /* Release */ = {
			isa = XCBuildConfiguration;
			buildSettings = {
				ALWAYS_SEARCH_USER_PATHS = NO;
				ASSETCATALOG_COMPILER_GENERATE_SWIFT_ASSET_SYMBOL_EXTENSIONS = YES;
				CLANG_ANALYZER_NONNULL = YES;
				CLANG_ANALYZER_NUMBER_OBJECT_CONVERSION = YES_AGGRESSIVE;
				CLANG_CXX_LANGUAGE_STANDARD = "gnu++20";
				CLANG_ENABLE_MODULES = YES;
				CLANG_ENABLE_OBJC_ARC = YES;
				CLANG_ENABLE_OBJC_WEAK = YES;
				CLANG_WARN_BLOCK_CAPTURE_AUTORELEASING = YES;
				CLANG_WARN_BOOL_CONVERSION = YES;
				CLANG_WARN_COMMA = YES;
				CLANG_WARN_CONSTANT_CONVERSION = YES;
				CLANG_WARN_DEPRECATED_OBJC_IMPLEMENTATIONS = YES;
				CLANG_WARN_DIRECT_OBJC_ISA_USAGE = YES_ERROR;
				CLANG_WARN_DOCUMENTATION_COMMENTS = YES;
				CLANG_WARN_EMPTY_BODY = YES;
				CLANG_WARN_ENUM_CONVERSION = YES;
				CLANG_WARN_INFINITE_RECURSION = YES;
				CLANG_WARN_INT_CONVERSION = YES;
				CLANG_WARN_NON_LITERAL_NULL_CONVERSION = YES;
				CLANG_WARN_OBJC_IMPLICIT_RETAIN_SELF = YES;
				CLANG_WARN_OBJC_LITERAL_CONVERSION = YES;
				CLANG_WARN_OBJC_ROOT_CLASS = YES_ERROR;
				CLANG_WARN_QUOTED_INCLUDE_IN_FRAMEWORK_HEADER = YES;
				CLANG_WARN_RANGE_LOOP_ANALYSIS = YES;
				CLANG_WARN_STRICT_PROTOTYPES = YES;
				CLANG_WARN_SUSPICIOUS_MOVE = YES;
				CLANG_WARN_UNGUARDED_AVAILABILITY = YES_AGGRESSIVE;
				CLANG_WARN_UNREACHABLE_CODE = YES;
				CLANG_WARN__DUPLICATE_METHOD_MATCH = YES;
				COPY_PHASE_STRIP = NO;
				DEBUG_INFORMATION_FORMAT = "dwarf-with-dsym";
				ENABLE_NS_ASSERTIONS = NO;
				ENABLE_STRICT_OBJC_MSGSEND = YES;
				ENABLE_USER_SCRIPT_SANDBOXING = YES;
				GCC_C_LANGUAGE_STANDARD = gnu17;
				GCC_NO_COMMON_BLOCKS = YES;
				GCC_WARN_64_TO_32_BIT_CONVERSION = YES;
				GCC_WARN_ABOUT_RETURN_TYPE = YES_ERROR;
				GCC_WARN_UNDECLARED_SELECTOR = YES;
				GCC_WARN_UNINITIALIZED_AUTOS = YES_AGGRESSIVE;
				GCC_WARN_UNUSED_FUNCTION = YES;
				GCC_WARN_UNUSED_VARIABLE = YES;
				IPHONEOS_DEPLOYMENT_TARGET = 17.0;
				LOCALIZATION_PREFERS_STRING_CATALOGS = YES;
				MTL_ENABLE_DEBUG_INFO = NO;
				MTL_FAST_MATH = YES;
				SDKROOT = iphoneos;
				SWIFT_COMPILATION_MODE = wholemodule;
				VALIDATE_PRODUCT = YES;
			};
			name = Release;
		};
		D1B89DC32B24C494007447A5 /* Debug */ = {
			isa = XCBuildConfiguration;
			buildSettings = {
				ASSETCATALOG_COMPILER_APPICON_NAME = AppIcon;
				ASSETCATALOG_COMPILER_GLOBAL_ACCENT_COLOR_NAME = AccentColor;
				CODE_SIGN_STYLE = Automatic;
				CURRENT_PROJECT_VERSION = 1;
				DEVELOPMENT_TEAM = JTJACLKKSJ;
				GENERATE_INFOPLIST_FILE = YES;
				INFOPLIST_FILE = ChoiceOfTwo/Info.plist;
				INFOPLIST_KEY_UIApplicationSupportsIndirectInputEvents = YES;
				INFOPLIST_KEY_UILaunchStoryboardName = LaunchScreen;
				INFOPLIST_KEY_UISupportedInterfaceOrientations = UIInterfaceOrientationPortrait;
				IPHONEOS_DEPLOYMENT_TARGET = 16.0;
				LD_RUNPATH_SEARCH_PATHS = (
					"$(inherited)",
					"@executable_path/Frameworks",
				);
				MARKETING_VERSION = 1.0;
				PRODUCT_BUNDLE_IDENTIFIER = yaroslavSokolov.ChoiceOfTwo;
				PRODUCT_NAME = "$(TARGET_NAME)";
				SWIFT_EMIT_LOC_STRINGS = YES;
				SWIFT_VERSION = 5.0;
				TARGETED_DEVICE_FAMILY = "1,2";
			};
			name = Debug;
		};
		D1B89DC42B24C494007447A5 /* Release */ = {
			isa = XCBuildConfiguration;
			buildSettings = {
				ASSETCATALOG_COMPILER_APPICON_NAME = AppIcon;
				ASSETCATALOG_COMPILER_GLOBAL_ACCENT_COLOR_NAME = AccentColor;
				CODE_SIGN_STYLE = Automatic;
				CURRENT_PROJECT_VERSION = 1;
				DEVELOPMENT_TEAM = JTJACLKKSJ;
				GENERATE_INFOPLIST_FILE = YES;
				INFOPLIST_FILE = ChoiceOfTwo/Info.plist;
				INFOPLIST_KEY_UIApplicationSupportsIndirectInputEvents = YES;
				INFOPLIST_KEY_UILaunchStoryboardName = LaunchScreen;
				INFOPLIST_KEY_UISupportedInterfaceOrientations = UIInterfaceOrientationPortrait;
				IPHONEOS_DEPLOYMENT_TARGET = 16.0;
				LD_RUNPATH_SEARCH_PATHS = (
					"$(inherited)",
					"@executable_path/Frameworks",
				);
				MARKETING_VERSION = 1.0;
				PRODUCT_BUNDLE_IDENTIFIER = yaroslavSokolov.ChoiceOfTwo;
				PRODUCT_NAME = "$(TARGET_NAME)";
				SWIFT_EMIT_LOC_STRINGS = YES;
				SWIFT_VERSION = 5.0;
				TARGETED_DEVICE_FAMILY = "1,2";
			};
			name = Release;
		};
		D1B89DC62B24C494007447A5 /* Debug */ = {
			isa = XCBuildConfiguration;
			buildSettings = {
				ALWAYS_EMBED_SWIFT_STANDARD_LIBRARIES = YES;
				BUNDLE_LOADER = "$(TEST_HOST)";
				CODE_SIGN_STYLE = Automatic;
				CURRENT_PROJECT_VERSION = 1;
				DEVELOPMENT_TEAM = JTJACLKKSJ;
				GENERATE_INFOPLIST_FILE = YES;
				IPHONEOS_DEPLOYMENT_TARGET = 17.0;
				MARKETING_VERSION = 1.0;
				PRODUCT_BUNDLE_IDENTIFIER = yaroslavSokolov.ChoiceOfTwoTests;
				PRODUCT_NAME = "$(TARGET_NAME)";
				SWIFT_EMIT_LOC_STRINGS = NO;
				SWIFT_VERSION = 5.0;
				TARGETED_DEVICE_FAMILY = "1,2";
				TEST_HOST = "$(BUILT_PRODUCTS_DIR)/ChoiceOfTwo.app/$(BUNDLE_EXECUTABLE_FOLDER_PATH)/ChoiceOfTwo";
			};
			name = Debug;
		};
		D1B89DC72B24C494007447A5 /* Release */ = {
			isa = XCBuildConfiguration;
			buildSettings = {
				ALWAYS_EMBED_SWIFT_STANDARD_LIBRARIES = YES;
				BUNDLE_LOADER = "$(TEST_HOST)";
				CODE_SIGN_STYLE = Automatic;
				CURRENT_PROJECT_VERSION = 1;
				DEVELOPMENT_TEAM = JTJACLKKSJ;
				GENERATE_INFOPLIST_FILE = YES;
				IPHONEOS_DEPLOYMENT_TARGET = 17.0;
				MARKETING_VERSION = 1.0;
				PRODUCT_BUNDLE_IDENTIFIER = yaroslavSokolov.ChoiceOfTwoTests;
				PRODUCT_NAME = "$(TARGET_NAME)";
				SWIFT_EMIT_LOC_STRINGS = NO;
				SWIFT_VERSION = 5.0;
				TARGETED_DEVICE_FAMILY = "1,2";
				TEST_HOST = "$(BUILT_PRODUCTS_DIR)/ChoiceOfTwo.app/$(BUNDLE_EXECUTABLE_FOLDER_PATH)/ChoiceOfTwo";
			};
			name = Release;
		};
		D1B89DC92B24C494007447A5 /* Debug */ = {
			isa = XCBuildConfiguration;
			buildSettings = {
				ALWAYS_EMBED_SWIFT_STANDARD_LIBRARIES = YES;
				CODE_SIGN_STYLE = Automatic;
				CURRENT_PROJECT_VERSION = 1;
				DEVELOPMENT_TEAM = JTJACLKKSJ;
				GENERATE_INFOPLIST_FILE = YES;
				MARKETING_VERSION = 1.0;
				PRODUCT_BUNDLE_IDENTIFIER = yaroslavSokolov.ChoiceOfTwoUITests;
				PRODUCT_NAME = "$(TARGET_NAME)";
				SWIFT_EMIT_LOC_STRINGS = NO;
				SWIFT_VERSION = 5.0;
				TARGETED_DEVICE_FAMILY = "1,2";
				TEST_TARGET_NAME = ChoiceOfTwo;
			};
			name = Debug;
		};
		D1B89DCA2B24C494007447A5 /* Release */ = {
			isa = XCBuildConfiguration;
			buildSettings = {
				ALWAYS_EMBED_SWIFT_STANDARD_LIBRARIES = YES;
				CODE_SIGN_STYLE = Automatic;
				CURRENT_PROJECT_VERSION = 1;
				DEVELOPMENT_TEAM = JTJACLKKSJ;
				GENERATE_INFOPLIST_FILE = YES;
				MARKETING_VERSION = 1.0;
				PRODUCT_BUNDLE_IDENTIFIER = yaroslavSokolov.ChoiceOfTwoUITests;
				PRODUCT_NAME = "$(TARGET_NAME)";
				SWIFT_EMIT_LOC_STRINGS = NO;
				SWIFT_VERSION = 5.0;
				TARGETED_DEVICE_FAMILY = "1,2";
				TEST_TARGET_NAME = ChoiceOfTwo;
			};
			name = Release;
		};
/* End XCBuildConfiguration section */

/* Begin XCConfigurationList section */
		D1B89D932B24C492007447A5 /* Build configuration list for PBXProject "ChoiceOfTwo" */ = {
			isa = XCConfigurationList;
			buildConfigurations = (
				D1B89DC02B24C494007447A5 /* Debug */,
				D1B89DC12B24C494007447A5 /* Release */,
			);
			defaultConfigurationIsVisible = 0;
			defaultConfigurationName = Release;
		};
		D1B89DC22B24C494007447A5 /* Build configuration list for PBXNativeTarget "ChoiceOfTwo" */ = {
			isa = XCConfigurationList;
			buildConfigurations = (
				D1B89DC32B24C494007447A5 /* Debug */,
				D1B89DC42B24C494007447A5 /* Release */,
			);
			defaultConfigurationIsVisible = 0;
			defaultConfigurationName = Release;
		};
		D1B89DC52B24C494007447A5 /* Build configuration list for PBXNativeTarget "ChoiceOfTwoTests" */ = {
			isa = XCConfigurationList;
			buildConfigurations = (
				D1B89DC62B24C494007447A5 /* Debug */,
				D1B89DC72B24C494007447A5 /* Release */,
			);
			defaultConfigurationIsVisible = 0;
			defaultConfigurationName = Release;
		};
		D1B89DC82B24C494007447A5 /* Build configuration list for PBXNativeTarget "ChoiceOfTwoUITests" */ = {
			isa = XCConfigurationList;
			buildConfigurations = (
				D1B89DC92B24C494007447A5 /* Debug */,
				D1B89DCA2B24C494007447A5 /* Release */,
			);
			defaultConfigurationIsVisible = 0;
			defaultConfigurationName = Release;
		};
/* End XCConfigurationList section */

/* Begin XCLocalSwiftPackageReference section */
		D1C9C81A2B2772F300E9DE4C /* XCLocalSwiftPackageReference "AnilistApi" */ = {
			isa = XCLocalSwiftPackageReference;
			relativePath = AnilistApi;
		};
/* End XCLocalSwiftPackageReference section */

/* Begin XCRemoteSwiftPackageReference section */
		D1502D272B5ACC6800A902F1 /* XCRemoteSwiftPackageReference "SkeletonView" */ = {
			isa = XCRemoteSwiftPackageReference;
			repositoryURL = "https://github.com/Juanpe/SkeletonView.git";
			requirement = {
				kind = upToNextMajorVersion;
				minimumVersion = 1.30.4;
			};
		};
		D1C9C8032B27428800E9DE4C /* XCRemoteSwiftPackageReference "apollo-ios" */ = {
			isa = XCRemoteSwiftPackageReference;
			repositoryURL = "https://github.com/apollographql/apollo-ios.git";
			requirement = {
				kind = upToNextMajorVersion;
				minimumVersion = 1.7.1;
			};
		};
/* End XCRemoteSwiftPackageReference section */

/* Begin XCSwiftPackageProductDependency section */
		D1502D282B5ACC6800A902F1 /* SkeletonView */ = {
			isa = XCSwiftPackageProductDependency;
			package = D1502D272B5ACC6800A902F1 /* XCRemoteSwiftPackageReference "SkeletonView" */;
			productName = SkeletonView;
		};
		D1C9C8052B27429300E9DE4C /* Apollo */ = {
			isa = XCSwiftPackageProductDependency;
			package = D1C9C8032B27428800E9DE4C /* XCRemoteSwiftPackageReference "apollo-ios" */;
			productName = Apollo;
		};
		D1C9C8072B27429300E9DE4C /* Apollo-Dynamic */ = {
			isa = XCSwiftPackageProductDependency;
			package = D1C9C8032B27428800E9DE4C /* XCRemoteSwiftPackageReference "apollo-ios" */;
			productName = "Apollo-Dynamic";
		};
		D1C9C80A2B27429300E9DE4C /* ApolloAPI */ = {
			isa = XCSwiftPackageProductDependency;
			package = D1C9C8032B27428800E9DE4C /* XCRemoteSwiftPackageReference "apollo-ios" */;
			productName = ApolloAPI;
		};
		D1C9C80C2B27429300E9DE4C /* ApolloSQLite */ = {
			isa = XCSwiftPackageProductDependency;
			package = D1C9C8032B27428800E9DE4C /* XCRemoteSwiftPackageReference "apollo-ios" */;
			productName = ApolloSQLite;
		};
		D1C9C80E2B27429300E9DE4C /* ApolloTestSupport */ = {
			isa = XCSwiftPackageProductDependency;
			package = D1C9C8032B27428800E9DE4C /* XCRemoteSwiftPackageReference "apollo-ios" */;
			productName = ApolloTestSupport;
		};
		D1C9C8102B27429300E9DE4C /* ApolloWebSocket */ = {
			isa = XCSwiftPackageProductDependency;
			package = D1C9C8032B27428800E9DE4C /* XCRemoteSwiftPackageReference "apollo-ios" */;
			productName = ApolloWebSocket;
		};
		D1C9C81B2B2772F300E9DE4C /* AnilistApi */ = {
			isa = XCSwiftPackageProductDependency;
			productName = AnilistApi;
		};
/* End XCSwiftPackageProductDependency section */
	};
	rootObject = D1B89D902B24C492007447A5 /* Project object */;
}
